# Generated by pub
# See https://dart.dev/tools/pub/glossary#lockfile
packages:
  firebase_core:
    dependency: "direct main"
    description:
      name: firebase_core
      url: "https://pub.dev"
    source: hosted
    version: "2.24.2"
  google_maps_flutter:
    dependency: "direct main"
    description:
      name: google_maps_flutter
      url: "https://pub.dev"
    source: hosted
    version: "2.5.0"
  cached_network_image:
    dependency: "direct main"
    description:
      name: cached_network_image
      url: "https://pub.dev"
    source: hosted
    version: "3.3.0"
